
Microsoft Visual Studio Solution File, Format Version 12.00
# Visual Studio 15
Project("{FAE04EC0-301F-11D3-BF4B-00C04F79EFBC}") = "Assembly-CSharp", "Assembly-CSharp.csproj", "{58247F41-D16E-C11F-9777-6AEB99F614A0}"
EndProject
Global
	GlobalSection(SolutionConfigurationPlatforms) = preSolution
		Debug|Any CPU = Debug|Any CPU
		Release|Any CPU = Release|Any CPU
	EndGlobalSection
	GlobalSection(ProjectConfigurationPlatforms) = postSolution
		{58247F41-D16E-C11F-9777-6AEB99F614A0}.Debug|Any CPU.ActiveCfg = Debug|Any CPU
		{58247F41-D16E-C11F-9777-6AEB99F614A0}.Debug|Any CPU.Build.0 = Debug|Any CPU
		{58247F41-D16E-C11F-9777-6AEB99F614A0}.Release|Any CPU.ActiveCfg = Release|Any CPU
		{58247F41-D16E-C11F-9777-6AEB99F614A0}.Release|Any CPU.Build.0 = Release|Any CPU
	EndGlobalSection
	GlobalSection(SolutionProperties) = preSolution
		HideSolutionNode = FALSE
	EndGlobalSection
EndGlobal
